{
    "_readme": [
        "This file locks the dependencies of your project to a known state",
        "Read more about it at http://getcomposer.org/doc/01-basic-usage.md#composer-lock-the-lock-file",
        "This file is @generated automatically"
    ],
    "hash": "1b063851540a18430543a264c85a0c6a",
    "packages": [
        {
            "name": "fzaninotto/faker",
            "version": "v1.4.0",
            "source": {
                "type": "git",
                "url": "https://github.com/fzaninotto/Faker.git",
                "reference": "010c7efedd88bf31141a02719f51fb44c732d5a0"
            },
            "dist": {
                "type": "zip",
                "url": "https://api.github.com/repos/fzaninotto/Faker/zipball/010c7efedd88bf31141a02719f51fb44c732d5a0",
                "reference": "010c7efedd88bf31141a02719f51fb44c732d5a0",
                "shasum": ""
            },
            "require": {
                "php": ">=5.3.3"
            },
            "require-dev": {
                "phpunit/phpunit": "~4.0",
                "squizlabs/php_codesniffer": "~1.5"
            },
            "type": "library",
            "extra": {
                "branch-alias": []
            },
            "autoload": {
                "psr-0": {
                    "Faker": "src/",
                    "Faker\\PHPUnit": "test/"
                }
            },
            "notification-url": "https://packagist.org/downloads/",
            "license": [
                "MIT"
            ],
            "authors": [
                {
                    "name": "François Zaninotto"
                }
            ],
            "description": "Faker is a PHP library that generates fake data for you.",
            "keywords": [
                "data",
                "faker",
                "fixtures"
            ],
            "time": "2014-06-04 14:43:02"
        },
        {
            "name": "latte/latte",
            "version": "v2.2.1",
            "source": {
                "type": "git",
                "url": "https://github.com/nette/latte.git",
                "reference": "e15297e1a7999db565e699de206fa1d2765f29cb"
            },
            "dist": {
                "type": "zip",
                "url": "https://api.github.com/repos/nette/latte/zipball/e15297e1a7999db565e699de206fa1d2765f29cb",
                "reference": "e15297e1a7999db565e699de206fa1d2765f29cb",
                "shasum": ""
            },
            "require": {
                "ext-tokenizer": "*",
                "php": ">=5.3.1"
            },
            "require-dev": {
                "nette/tester": "~1.0"
            },
            "suggest": {
                "ext-fileinfo": "to use filter |datastream",
                "ext-mbstring": "to use filters like lower, upper, capitalize, ..."
            },
            "type": "library",
            "autoload": {
                "classmap": [
                    "src/"
                ]
            },
            "notification-url": "https://packagist.org/downloads/",
            "license": [
                "BSD-3-Clause",
                "GPL-2.0",
                "GPL-3.0"
            ],
            "authors": [
                {
                    "name": "David Grudl",
                    "homepage": "http://davidgrudl.com"
                },
                {
                    "name": "Nette Community",
                    "homepage": "http://nette.org/contributors"
                }
            ],
            "description": "Latte: the amazing template engine for PHP",
            "homepage": "http://latte.nette.org",
            "keywords": [
                "templating",
                "twig"
            ],
            "time": "2014-05-24 22:47:30"
        },
        {
            "name": "nette/finder",
            "version": "v2.2.0",
            "source": {
                "type": "git",
                "url": "https://github.com/nette/finder.git",
                "reference": "04be9fa88a3b7ec66624fe3d7a5dc965e10b4fdf"
            },
            "dist": {
                "type": "zip",
                "url": "https://api.github.com/repos/nette/finder/zipball/04be9fa88a3b7ec66624fe3d7a5dc965e10b4fdf",
                "reference": "04be9fa88a3b7ec66624fe3d7a5dc965e10b4fdf",
                "shasum": ""
            },
            "require": {
                "nette/utils": "~2.2",
                "php": ">=5.3.1"
            },
            "require-dev": {
                "nette/tester": "~1.0"
            },
            "type": "library",
            "autoload": {
                "classmap": [
                    "src/"
                ]
            },
            "notification-url": "https://packagist.org/downloads/",
            "license": [
                "BSD-3-Clause",
                "GPL-2.0",
                "GPL-3.0"
            ],
            "authors": [
                {
                    "name": "David Grudl",
                    "homepage": "http://davidgrudl.com"
                },
                {
                    "name": "Nette Community",
                    "homepage": "http://nette.org/contributors"
                }
            ],
            "description": "Nette Finder: Files Searching",
            "homepage": "http://nette.org",
            "time": "2014-05-11 16:43:26"
        },
        {
            "name": "nette/utils",
            "version": "v2.2.1",
            "source": {
                "type": "git",
                "url": "https://github.com/nette/utils.git",
                "reference": "918a80c857ae0856f908084b02e9b9ff3f02c11f"
            },
            "dist": {
                "type": "zip",
                "url": "https://api.github.com/repos/nette/utils/zipball/918a80c857ae0856f908084b02e9b9ff3f02c11f",
                "reference": "918a80c857ae0856f908084b02e9b9ff3f02c11f",
                "shasum": ""
            },
            "require": {
                "php": ">=5.3.1"
            },
            "conflict": {
                "nette/nette": "<2.2"
            },
            "require-dev": {
                "nette/tester": "~1.0"
            },
            "suggest": {
                "ext-gd": "to use Image",
                "ext-iconv": "to use Strings::webalize() and toAscii()",
                "ext-mbstring": "to use Strings::lower() etc..."
            },
            "type": "library",
            "autoload": {
                "classmap": [
                    "src/"
                ]
            },
            "notification-url": "https://packagist.org/downloads/",
            "license": [
                "BSD-3-Clause",
                "GPL-2.0",
                "GPL-3.0"
            ],
            "authors": [
                {
                    "name": "David Grudl",
                    "homepage": "http://davidgrudl.com"
                },
                {
                    "name": "Nette Community",
                    "homepage": "http://nette.org/contributors"
                }
            ],
            "description": "Nette Utility Classes",
            "homepage": "http://nette.org",
            "time": "2014-05-25 06:15:25"
        },
        {
            "name": "symfony/console",
            "version": "v2.5.0",
            "target-dir": "Symfony/Component/Console",
            "source": {
                "type": "git",
                "url": "https://github.com/symfony/Console.git",
                "reference": "ef4ca73b0b3a10cbac653d3ca482d0cdd4502b2c"
            },
            "dist": {
                "type": "zip",
                "url": "https://api.github.com/repos/symfony/Console/zipball/ef4ca73b0b3a10cbac653d3ca482d0cdd4502b2c",
                "reference": "ef4ca73b0b3a10cbac653d3ca482d0cdd4502b2c",
                "shasum": ""
            },
            "require": {
                "php": ">=5.3.3"
            },
            "require-dev": {
                "psr/log": "~1.0",
                "symfony/event-dispatcher": "~2.1"
            },
            "suggest": {
                "psr/log": "For using the console logger",
                "symfony/event-dispatcher": ""
            },
            "type": "library",
            "extra": {
                "branch-alias": {
                    "dev-master": "2.5-dev"
                }
            },
            "autoload": {
                "psr-0": {
                    "Symfony\\Component\\Console\\": ""
                }
            },
            "notification-url": "https://packagist.org/downloads/",
            "license": [
                "MIT"
            ],
            "authors": [
                {
                    "name": "Fabien Potencier",
                    "email": "fabien@symfony.com",
                    "homepage": "http://fabien.potencier.org",
                    "role": "Lead Developer"
                },
                {
                    "name": "Symfony Community",
                    "homepage": "http://symfony.com/contributors"
                }
            ],
            "description": "Symfony Console Component",
            "homepage": "http://symfony.com",
            "time": "2014-05-22 08:54:24"
        }
    ],
    "packages-dev": [
        {
            "name": "nette/tester",
            "version": "dev-master",
            "source": {
                "type": "git",
                "url": "https://github.com/nette/tester.git",
                "reference": "5bac6eb87fa67f42f584199de91693bc29887874"
            },
            "dist": {
                "type": "zip",
                "url": "https://api.github.com/repos/nette/tester/zipball/5bac6eb87fa67f42f584199de91693bc29887874",
                "reference": "5bac6eb87fa67f42f584199de91693bc29887874",
                "shasum": ""
            },
            "require": {
                "ext-iconv": "*",
                "php": ">=5.3.0"
            },
            "bin": [
                "Tester/tester"
            ],
            "type": "library",
            "extra": {
                "branch-alias": {
                    "dev-master": "1.2-dev"
                }
            },
            "autoload": {
                "classmap": [
                    "Tester/"
                ]
            },
            "notification-url": "https://packagist.org/downloads/",
            "license": [
                "BSD-3-Clause",
                "GPL-2.0",
                "GPL-3.0"
            ],
            "authors": [
                {
                    "name": "David Grudl",
                    "homepage": "http://davidgrudl.com"
                },
                {
                    "name": "Nette Community",
                    "homepage": "http://nette.org/contributors"
                }
            ],
            "description": "An easy-to-use PHP Unit Testing framework.",
            "homepage": "http://nette.org",
            "keywords": [
                "nette",
                "testing",
                "unit"
            ],
            "time": "2014-06-09 16:33:40"
        },
        {
            "name": "petrp/access",
            "version": "dev-master",
            "source": {
                "type": "git",
                "url": "https://github.com/PetrP/Access.git",
                "reference": "7ad8a3655c4bc034200d7e20515e263fde1396ea"
            },
            "dist": {
                "type": "zip",
                "url": "https://api.github.com/repos/PetrP/Access/zipball/7ad8a3655c4bc034200d7e20515e263fde1396ea",
                "reference": "7ad8a3655c4bc034200d7e20515e263fde1396ea",
                "shasum": ""
            },
            "require": {
                "php": ">=5.2.0"
            },
            "type": "library",
            "autoload": {
                "files": [
                    "Access/Init.php"
                ]
            },
            "notification-url": "https://packagist.org/downloads/",
            "license": [
                "BSD-3-Clause"
            ],
            "authors": [
                {
                    "name": "Petr Procházka",
                    "email": "prochazkapp@gmail.com",
                    "homepage": "http://petrp.cz"
                }
            ],
            "description": "Access - Tool for access to private and protected members of object. It's handy for unit tests.",
            "homepage": "https://github.com/PetrP/Access",
            "time": "2013-10-11 16:43:39"
        },
        {
            "name": "tracy/tracy",
            "version": "v2.2.1",
            "source": {
                "type": "git",
                "url": "https://github.com/nette/tracy.git",
                "reference": "eb0d5a6a7e58a098ee338f91101dde5e53b9dd31"
            },
            "dist": {
                "type": "zip",
                "url": "https://api.github.com/repos/nette/tracy/zipball/eb0d5a6a7e58a098ee338f91101dde5e53b9dd31",
                "reference": "eb0d5a6a7e58a098ee338f91101dde5e53b9dd31",
                "shasum": ""
            },
            "require": {
                "php": ">=5.3.1"
            },
            "require-dev": {
                "nette/tester": "~1.0"
            },
            "type": "library",
            "autoload": {
                "classmap": [
                    "src/Tracy"
                ],
                "files": [
                    "src/shortcuts.php"
                ]
            },
            "notification-url": "https://packagist.org/downloads/",
            "license": [
                "BSD-3-Clause",
                "GPL-2.0",
                "GPL-3.0"
            ],
            "authors": [
                {
                    "name": "David Grudl",
                    "homepage": "http://davidgrudl.com"
                },
                {
                    "name": "Nette Community",
                    "homepage": "http://nette.org/contributors"
                }
            ],
            "description": "Tracy: useful PHP debugger",
            "homepage": "http://tracy.nette.org",
            "keywords": [
                "debug",
                "debugger",
                "nette"
            ],
            "time": "2014-05-27 07:50:21"
        }
    ],
    "aliases": [],
    "minimum-stability": "stable",
    "stability-flags": {
        "nette/tester": 20,
        "petrp/access": 20
    },
    "platform": [],
    "platform-dev": []
}
